
Microsoft Visual Studio Solution File, Format Version 12.00
# Visual Studio Version 17
VisualStudioVersion = 17.6.33723.286
MinimumVisualStudioVersion = 10.0.40219.1
Project("{FAE04EC0-301F-11D3-BF4B-00C04F79EFBC}") = "MVC_Localization_SQL", "MVC_Localization_SQL\MVC_Localization_SQL.csproj", "{2687898E-49D5-4042-89C4-06952CA99975}"
EndProject
Global
	GlobalSection(SolutionConfigurationPlatforms) = preSolution
		Debug|Any CPU = Debug|Any CPU
		Release|Any CPU = Release|Any CPU
	EndGlobalSection
	GlobalSection(ProjectConfigurationPlatforms) = postSolution
		{2687898E-49D5-4042-89C4-06952CA99975}.Debug|Any CPU.ActiveCfg = Debug|Any CPU
		{2687898E-49D5-4042-89C4-06952CA99975}.Debug|Any CPU.Build.0 = Debug|Any CPU
		{2687898E-49D5-4042-89C4-06952CA99975}.Release|Any CPU.ActiveCfg = Release|Any CPU
		{2687898E-49D5-4042-89C4-06952CA99975}.Release|Any CPU.Build.0 = Release|Any CPU
	EndGlobalSection
	GlobalSection(SolutionProperties) = preSolution
		HideSolutionNode = FALSE
	EndGlobalSection
	GlobalSection(ExtensibilityGlobals) = postSolution
		SolutionGuid = {228C90F7-E270-4C56-B7C8-4EA2644A2697}
	EndGlobalSection
EndGlobal
